# THIS IS AN AUTOGENERATED FILE. DO NOT EDIT THIS FILE DIRECTLY.
# yarn lockfile v1


chance@1.1.0:
  version "1.1.0"
  resolved "https://registry.yarnpkg.com/chance/-/chance-1.1.0.tgz#4206b8ae8679275afd7db6379abc23f103ab8488"
  integrity sha512-DwT4HVvl1VwZ73lqEyWYtrI59iSERBDfioMhw0gMMNySLMcx7/pzy+JAam3+3WcEH4ITNzwRtuQH4Geyko70gw==

chatito@^2.3.5:
  version "2.3.5"
  resolved "https://registry.yarnpkg.com/chatito/-/chatito-2.3.5.tgz#10b7c23fcc3377d936cac8e7adce0c435a3d3e6f"
  integrity sha512-8GydDc/szjGNcdgLDT6mq14HDQ9vUSxbe4z+skfTJAhnOPgSDh6RDc5VH42AtBTGQVssyl890mY4ywxoUgejMQ==
  dependencies:
    chance "1.1.0"
    minimist "1.2.0"

minimist@1.2.0:
  version "1.2.0"
  resolved "https://registry.yarnpkg.com/minimist/-/minimist-1.2.0.tgz#a35008b20f41383eec1fb914f4cd5df79a264284"
  integrity sha1-o1AIsg9BOD7sH7kU9M1d95omQoQ=
